
Microsoft Visual Studio Solution File, Format Version 12.00
# Visual Studio Version 17
VisualStudioVersion = 17.3.32929.385
MinimumVisualStudioVersion = 10.0.40219.1
Project("{9A19103F-16F7-4668-BE54-9A1E7A4F7556}") = "Entities", "Entities\Entities.csproj", "{63BBF9B3-AAF2-458B-9A35-D480636196FB}"
EndProject
Project("{9A19103F-16F7-4668-BE54-9A1E7A4F7556}") = "Business", "Business\Business.csproj", "{58EE3BC9-F758-4620-9E9C-BA6F5E0E1A7C}"
EndProject
Project("{9A19103F-16F7-4668-BE54-9A1E7A4F7556}") = "DataAccess", "DataAccess\DataAccess.csproj", "{34D6586B-5B83-45A9-8CA4-3788F80D62A2}"
EndProject
Project("{9A19103F-16F7-4668-BE54-9A1E7A4F7556}") = "ConsoleUI", "ConsoleUI\ConsoleUI.csproj", "{459989B0-3410-472C-B8C8-3C243707BD67}"
EndProject
Project("{9A19103F-16F7-4668-BE54-9A1E7A4F7556}") = "Core", "Core\Core.csproj", "{8C8EE383-DF2A-4537-88C4-261B03FBDFF6}"
EndProject
Project("{FAE04EC0-301F-11D3-BF4B-00C04F79EFBC}") = "WebAPI", "WebAPI\WebAPI.csproj", "{D83D5C97-2197-4FFE-AEA8-76232DE8624C}"
EndProject
Global
	GlobalSection(SolutionConfigurationPlatforms) = preSolution
		Debug|Any CPU = Debug|Any CPU
		Release|Any CPU = Release|Any CPU
	EndGlobalSection
	GlobalSection(ProjectConfigurationPlatforms) = postSolution
		{63BBF9B3-AAF2-458B-9A35-D480636196FB}.Debug|Any CPU.ActiveCfg = Debug|Any CPU
		{63BBF9B3-AAF2-458B-9A35-D480636196FB}.Debug|Any CPU.Build.0 = Debug|Any CPU
		{63BBF9B3-AAF2-458B-9A35-D480636196FB}.Release|Any CPU.ActiveCfg = Release|Any CPU
		{63BBF9B3-AAF2-458B-9A35-D480636196FB}.Release|Any CPU.Build.0 = Release|Any CPU
		{58EE3BC9-F758-4620-9E9C-BA6F5E0E1A7C}.Debug|Any CPU.ActiveCfg = Debug|Any CPU
		{58EE3BC9-F758-4620-9E9C-BA6F5E0E1A7C}.Debug|Any CPU.Build.0 = Debug|Any CPU
		{58EE3BC9-F758-4620-9E9C-BA6F5E0E1A7C}.Release|Any CPU.ActiveCfg = Release|Any CPU
		{58EE3BC9-F758-4620-9E9C-BA6F5E0E1A7C}.Release|Any CPU.Build.0 = Release|Any CPU
		{34D6586B-5B83-45A9-8CA4-3788F80D62A2}.Debug|Any CPU.ActiveCfg = Debug|Any CPU
		{34D6586B-5B83-45A9-8CA4-3788F80D62A2}.Debug|Any CPU.Build.0 = Debug|Any CPU
		{34D6586B-5B83-45A9-8CA4-3788F80D62A2}.Release|Any CPU.ActiveCfg = Release|Any CPU
		{34D6586B-5B83-45A9-8CA4-3788F80D62A2}.Release|Any CPU.Build.0 = Release|Any CPU
		{459989B0-3410-472C-B8C8-3C243707BD67}.Debug|Any CPU.ActiveCfg = Debug|Any CPU
		{459989B0-3410-472C-B8C8-3C243707BD67}.Debug|Any CPU.Build.0 = Debug|Any CPU
		{459989B0-3410-472C-B8C8-3C243707BD67}.Release|Any CPU.ActiveCfg = Release|Any CPU
		{459989B0-3410-472C-B8C8-3C243707BD67}.Release|Any CPU.Build.0 = Release|Any CPU
		{8C8EE383-DF2A-4537-88C4-261B03FBDFF6}.Debug|Any CPU.ActiveCfg = Debug|Any CPU
		{8C8EE383-DF2A-4537-88C4-261B03FBDFF6}.Debug|Any CPU.Build.0 = Debug|Any CPU
		{8C8EE383-DF2A-4537-88C4-261B03FBDFF6}.Release|Any CPU.ActiveCfg = Release|Any CPU
		{8C8EE383-DF2A-4537-88C4-261B03FBDFF6}.Release|Any CPU.Build.0 = Release|Any CPU
		{D83D5C97-2197-4FFE-AEA8-76232DE8624C}.Debug|Any CPU.ActiveCfg = Debug|Any CPU
		{D83D5C97-2197-4FFE-AEA8-76232DE8624C}.Debug|Any CPU.Build.0 = Debug|Any CPU
		{D83D5C97-2197-4FFE-AEA8-76232DE8624C}.Release|Any CPU.ActiveCfg = Release|Any CPU
		{D83D5C97-2197-4FFE-AEA8-76232DE8624C}.Release|Any CPU.Build.0 = Release|Any CPU
	EndGlobalSection
	GlobalSection(SolutionProperties) = preSolution
		HideSolutionNode = FALSE
	EndGlobalSection
	GlobalSection(ExtensibilityGlobals) = postSolution
		SolutionGuid = {0ECB174D-488B-46DD-8E79-50BB087985A5}
	EndGlobalSection
EndGlobal
